
Microsoft Visual Studio Solution File, Format Version 12.00
# Visual Studio Version 17
VisualStudioVersion = 17.3.32901.215
MinimumVisualStudioVersion = 10.0.40219.1
Project("{FAE04EC0-301F-11D3-BF4B-00C04F79EFBC}") = "WindowsFormsApp1", "WindowsFormsApp1\WindowsFormsApp1.csproj", "{18D704E9-E8B1-47C3-8086-963803CDD39E}"
EndProject
Project("{FAE04EC0-301F-11D3-BF4B-00C04F79EFBC}") = "MyClassLibrary1", "MyClassLibrary1\MyClassLibrary1.csproj", "{FEF7EF42-DC85-49F3-BDE2-206163A17377}"
EndProject
Global
	GlobalSection(SolutionConfigurationPlatforms) = preSolution
		Debug|Any CPU = Debug|Any CPU
		Release|Any CPU = Release|Any CPU
	EndGlobalSection
	GlobalSection(ProjectConfigurationPlatforms) = postSolution
		{18D704E9-E8B1-47C3-8086-963803CDD39E}.Debug|Any CPU.ActiveCfg = Debug|Any CPU
		{18D704E9-E8B1-47C3-8086-963803CDD39E}.Debug|Any CPU.Build.0 = Debug|Any CPU
		{18D704E9-E8B1-47C3-8086-963803CDD39E}.Release|Any CPU.ActiveCfg = Release|Any CPU
		{18D704E9-E8B1-47C3-8086-963803CDD39E}.Release|Any CPU.Build.0 = Release|Any CPU
		{FEF7EF42-DC85-49F3-BDE2-206163A17377}.Debug|Any CPU.ActiveCfg = Debug|Any CPU
		{FEF7EF42-DC85-49F3-BDE2-206163A17377}.Debug|Any CPU.Build.0 = Debug|Any CPU
		{FEF7EF42-DC85-49F3-BDE2-206163A17377}.Release|Any CPU.ActiveCfg = Release|Any CPU
		{FEF7EF42-DC85-49F3-BDE2-206163A17377}.Release|Any CPU.Build.0 = Release|Any CPU
	EndGlobalSection
	GlobalSection(SolutionProperties) = preSolution
		HideSolutionNode = FALSE
	EndGlobalSection
	GlobalSection(ExtensibilityGlobals) = postSolution
		SolutionGuid = {4795657F-18FA-43ED-BB1E-E4AAEA6D7CF4}
	EndGlobalSection
EndGlobal
